
Microsoft Visual Studio Solution File, Format Version 12.00
# Visual Studio Version 16
VisualStudioVersion = 16.0.30717.126
MinimumVisualStudioVersion = 10.0.40219.1
Project("{FAE04EC0-301F-11D3-BF4B-00C04F79EFBC}") = "Client", "Server\Client.csproj", "{60AA6B0D-CEBC-47D8-B75F-4DC58036B1F4}"
EndProject
Project("{FAE04EC0-301F-11D3-BF4B-00C04F79EFBC}") = "Server", "Client\Server.csproj", "{E1E96F47-0EF1-496B-9BDB-0CA5EDD56286}"
EndProject
Global
	GlobalSection(SolutionConfigurationPlatforms) = preSolution
		Debug|Any CPU = Debug|Any CPU
		Release|Any CPU = Release|Any CPU
	EndGlobalSection
	GlobalSection(ProjectConfigurationPlatforms) = postSolution
		{60AA6B0D-CEBC-47D8-B75F-4DC58036B1F4}.Debug|Any CPU.ActiveCfg = Debug|Any CPU
		{60AA6B0D-CEBC-47D8-B75F-4DC58036B1F4}.Debug|Any CPU.Build.0 = Debug|Any CPU
		{60AA6B0D-CEBC-47D8-B75F-4DC58036B1F4}.Release|Any CPU.ActiveCfg = Release|Any CPU
		{60AA6B0D-CEBC-47D8-B75F-4DC58036B1F4}.Release|Any CPU.Build.0 = Release|Any CPU
		{E1E96F47-0EF1-496B-9BDB-0CA5EDD56286}.Debug|Any CPU.ActiveCfg = Debug|Any CPU
		{E1E96F47-0EF1-496B-9BDB-0CA5EDD56286}.Debug|Any CPU.Build.0 = Debug|Any CPU
		{E1E96F47-0EF1-496B-9BDB-0CA5EDD56286}.Release|Any CPU.ActiveCfg = Release|Any CPU
		{E1E96F47-0EF1-496B-9BDB-0CA5EDD56286}.Release|Any CPU.Build.0 = Release|Any CPU
	EndGlobalSection
	GlobalSection(SolutionProperties) = preSolution
		HideSolutionNode = FALSE
	EndGlobalSection
	GlobalSection(ExtensibilityGlobals) = postSolution
		SolutionGuid = {7B59620D-ED6D-4C52-A4B0-E847C08952E0}
	EndGlobalSection
EndGlobal
